
Microsoft Visual Studio Solution File, Format Version 12.00
# Visual Studio Version 16
VisualStudioVersion = 16.0.31727.386
MinimumVisualStudioVersion = 10.0.40219.1
Project("{9A19103F-16F7-4668-BE54-9A1E7A4F7556}") = "ChatroomServerCLI", "ChatroomServerCLI\ChatroomServerCLI.csproj", "{56DAC02D-D40A-437E-957E-B0699FF8472E}"
EndProject
Project("{9A19103F-16F7-4668-BE54-9A1E7A4F7556}") = "ChatroomServerLibrary", "ChatroomServerLibrary\ChatroomServerLibrary.csproj", "{718F2726-F4D6-4F7E-ADF6-609A9503B2D5}"
EndProject
Project("{2150E333-8FDC-42A3-9474-1A3956D46DE8}") = "Solution Items", "Solution Items", "{E7106841-66C5-46FD-8007-102CBBE9365D}"
	ProjectSection(SolutionItems) = preProject
		.editorconfig = .editorconfig
	EndProjectSection
EndProject
Global
	GlobalSection(SolutionConfigurationPlatforms) = preSolution
		Debug|Any CPU = Debug|Any CPU
		Release|Any CPU = Release|Any CPU
	EndGlobalSection
	GlobalSection(ProjectConfigurationPlatforms) = postSolution
		{56DAC02D-D40A-437E-957E-B0699FF8472E}.Debug|Any CPU.ActiveCfg = Debug|Any CPU
		{56DAC02D-D40A-437E-957E-B0699FF8472E}.Debug|Any CPU.Build.0 = Debug|Any CPU
		{56DAC02D-D40A-437E-957E-B0699FF8472E}.Release|Any CPU.ActiveCfg = Release|Any CPU
		{56DAC02D-D40A-437E-957E-B0699FF8472E}.Release|Any CPU.Build.0 = Release|Any CPU
		{718F2726-F4D6-4F7E-ADF6-609A9503B2D5}.Debug|Any CPU.ActiveCfg = Debug|Any CPU
		{718F2726-F4D6-4F7E-ADF6-609A9503B2D5}.Debug|Any CPU.Build.0 = Debug|Any CPU
		{718F2726-F4D6-4F7E-ADF6-609A9503B2D5}.Release|Any CPU.ActiveCfg = Release|Any CPU
		{718F2726-F4D6-4F7E-ADF6-609A9503B2D5}.Release|Any CPU.Build.0 = Release|Any CPU
	EndGlobalSection
	GlobalSection(SolutionProperties) = preSolution
		HideSolutionNode = FALSE
	EndGlobalSection
	GlobalSection(ExtensibilityGlobals) = postSolution
		SolutionGuid = {133C41B3-21AD-400C-9829-BAECFFE8FCFE}
	EndGlobalSection
EndGlobal
